
Microsoft Visual Studio Solution File, Format Version 12.00
# Visual Studio 15
VisualStudioVersion = 15.0.28307.902
MinimumVisualStudioVersion = 10.0.40219.1
Project("{FAE04EC0-301F-11D3-BF4B-00C04F79EFBC}") = "EmuTarkov-Launcher", "EmuTarkov-Launcher\EmuTarkov-Launcher.csproj", "{4AF372E6-FAC5-4D96-B833-7A26B43C037B}"
EndProject
Global
	GlobalSection(SolutionConfigurationPlatforms) = preSolution
		Debug|Any CPU = Debug|Any CPU
		Release|Any CPU = Release|Any CPU
	EndGlobalSection
	GlobalSection(ProjectConfigurationPlatforms) = postSolution
		{4AF372E6-FAC5-4D96-B833-7A26B43C037B}.Debug|Any CPU.ActiveCfg = Debug|Any CPU
		{4AF372E6-FAC5-4D96-B833-7A26B43C037B}.Debug|Any CPU.Build.0 = Debug|Any CPU
		{4AF372E6-FAC5-4D96-B833-7A26B43C037B}.Release|Any CPU.ActiveCfg = Release|Any CPU
		{4AF372E6-FAC5-4D96-B833-7A26B43C037B}.Release|Any CPU.Build.0 = Release|Any CPU
	EndGlobalSection
	GlobalSection(SolutionProperties) = preSolution
		HideSolutionNode = FALSE
	EndGlobalSection
	GlobalSection(ExtensibilityGlobals) = postSolution
		SolutionGuid = {194D3E2A-BAC3-4604-9A83-44EB594455F6}
	EndGlobalSection
EndGlobal
